
Microsoft Visual Studio Solution File, Format Version 12.00
# Visual Studio Version 16
VisualStudioVersion = 16.0.29102.190
MinimumVisualStudioVersion = 10.0.40219.1
Project("{9A19103F-16F7-4668-BE54-9A1E7A4F7556}") = "GraphsLibrary", "GraphsLibrary\GraphsLibrary.csproj", "{3DAA89D7-86AE-4389-8116-3E16DDD7D807}"
EndProject
Global
	GlobalSection(SolutionConfigurationPlatforms) = preSolution
		Debug|Any CPU = Debug|Any CPU
		Release|Any CPU = Release|Any CPU
	EndGlobalSection
	GlobalSection(ProjectConfigurationPlatforms) = postSolution
		{3DAA89D7-86AE-4389-8116-3E16DDD7D807}.Debug|Any CPU.ActiveCfg = Debug|Any CPU
		{3DAA89D7-86AE-4389-8116-3E16DDD7D807}.Debug|Any CPU.Build.0 = Debug|Any CPU
		{3DAA89D7-86AE-4389-8116-3E16DDD7D807}.Release|Any CPU.ActiveCfg = Release|Any CPU
		{3DAA89D7-86AE-4389-8116-3E16DDD7D807}.Release|Any CPU.Build.0 = Release|Any CPU
	EndGlobalSection
	GlobalSection(SolutionProperties) = preSolution
		HideSolutionNode = FALSE
	EndGlobalSection
	GlobalSection(ExtensibilityGlobals) = postSolution
		SolutionGuid = {6D9BB1E0-0321-4294-ADAB-1A8194FEBD22}
	EndGlobalSection
EndGlobal
